// !$*UTF8*$!
{
	archiveVersion = 1;
	classes = {
	};
	objectVersion = 56;
	objects = {

/* Begin PBXBuildFile section */
		E954397029F48924003B5812 /* AppDelegate.swift in Sources */ = {isa = PBXBuildFile; fileRef = E954396F29F48924003B5812 /* AppDelegate.swift */; };
		E954397229F48924003B5812 /* SceneDelegate.swift in Sources */ = {isa = PBXBuildFile; fileRef = E954397129F48924003B5812 /* SceneDelegate.swift */; };
		E954397729F48924003B5812 /* Main.storyboard in Resources */ = {isa = PBXBuildFile; fileRef = E954397529F48924003B5812 /* Main.storyboard */; };
		E954397929F48926003B5812 /* Assets.xcassets in Resources */ = {isa = PBXBuildFile; fileRef = E954397829F48926003B5812 /* Assets.xcassets */; };
		E954397C29F48926003B5812 /* LaunchScreen.storyboard in Resources */ = {isa = PBXBuildFile; fileRef = E954397A29F48926003B5812 /* LaunchScreen.storyboard */; };
		E954398629F4924B003B5812 /* UploadImageViewController.swift in Sources */ = {isa = PBXBuildFile; fileRef = E954398529F4924B003B5812 /* UploadImageViewController.swift */; };
		E954399229F49A4E003B5812 /* HomeViewController.swift in Sources */ = {isa = PBXBuildFile; fileRef = E954399129F49A4E003B5812 /* HomeViewController.swift */; };
		E95439B629F4A337003B5812 /* UploadImageProtocol.swift in Sources */ = {isa = PBXBuildFile; fileRef = E95439B529F4A337003B5812 /* UploadImageProtocol.swift */; };
		E95439BA29F4AD6D003B5812 /* TabBarViewController.swift in Sources */ = {isa = PBXBuildFile; fileRef = E95439B929F4AD6D003B5812 /* TabBarViewController.swift */; };
		E99CF81D29F53304005B0CB0 /* TableViewCell.swift in Sources */ = {isa = PBXBuildFile; fileRef = E99CF81B29F53304005B0CB0 /* TableViewCell.swift */; };
		E99CF81E29F53304005B0CB0 /* TableViewCell.xib in Resources */ = {isa = PBXBuildFile; fileRef = E99CF81C29F53304005B0CB0 /* TableViewCell.xib */; };
/* End PBXBuildFile section */

/* Begin PBXFileReference section */
		E954396C29F48924003B5812 /* FinalTemp.app */ = {isa = PBXFileReference; explicitFileType = wrapper.application; includeInIndex = 0; path = FinalTemp.app; sourceTree = BUILT_PRODUCTS_DIR; };
		E954396F29F48924003B5812 /* AppDelegate.swift */ = {isa = PBXFileReference; lastKnownFileType = sourcecode.swift; path = AppDelegate.swift; sourceTree = "<group>"; };
		E954397129F48924003B5812 /* SceneDelegate.swift */ = {isa = PBXFileReference; lastKnownFileType = sourcecode.swift; path = SceneDelegate.swift; sourceTree = "<group>"; };
		E954397629F48924003B5812 /* Base */ = {isa = PBXFileReference; lastKnownFileType = file.storyboard; name = Base; path = Base.lproj/Main.storyboard; sourceTree = "<group>"; };
		E954397829F48926003B5812 /* Assets.xcassets */ = {isa = PBXFileReference; lastKnownFileType = folder.assetcatalog; path = Assets.xcassets; sourceTree = "<group>"; };
		E954397B29F48926003B5812 /* Base */ = {isa = PBXFileReference; lastKnownFileType = file.storyboard; name = Base; path = Base.lproj/LaunchScreen.storyboard; sourceTree = "<group>"; };
		E954397D29F48926003B5812 /* Info.plist */ = {isa = PBXFileReference; lastKnownFileType = text.plist.xml; path = Info.plist; sourceTree = "<group>"; };
		E954398529F4924B003B5812 /* UploadImageViewController.swift */ = {isa = PBXFileReference; lastKnownFileType = sourcecode.swift; path = UploadImageViewController.swift; sourceTree = "<group>"; };
		E954399129F49A4E003B5812 /* HomeViewController.swift */ = {isa = PBXFileReference; lastKnownFileType = sourcecode.swift; path = HomeViewController.swift; sourceTree = "<group>"; };
		E95439B529F4A337003B5812 /* UploadImageProtocol.swift */ = {isa = PBXFileReference; lastKnownFileType = sourcecode.swift; path = UploadImageProtocol.swift; sourceTree = "<group>"; };
		E95439B929F4AD6D003B5812 /* TabBarViewController.swift */ = {isa = PBXFileReference; lastKnownFileType = sourcecode.swift; path = TabBarViewController.swift; sourceTree = "<group>"; };
		E99CF81B29F53304005B0CB0 /* TableViewCell.swift */ = {isa = PBXFileReference; lastKnownFileType = sourcecode.swift; path = TableViewCell.swift; sourceTree = "<group>"; };
		E99CF81C29F53304005B0CB0 /* TableViewCell.xib */ = {isa = PBXFileReference; lastKnownFileType = file.xib; path = TableViewCell.xib; sourceTree = "<group>"; };
/* End PBXFileReference section */

/* Begin PBXFrameworksBuildPhase section */
		E954396929F48924003B5812 /* Frameworks */ = {
			isa = PBXFrameworksBuildPhase;
			buildActionMask = 2147483647;
			files = (
			);
			runOnlyForDeploymentPostprocessing = 0;
		};
/* End PBXFrameworksBuildPhase section */

/* Begin PBXGroup section */
		E954396329F48924003B5812 = {
			isa = PBXGroup;
			children = (
				E954396E29F48924003B5812 /* FinalTemp */,
				E954396D29F48924003B5812 /* Products */,
			);
			sourceTree = "<group>";
		};
		E954396D29F48924003B5812 /* Products */ = {
			isa = PBXGroup;
			children = (
				E954396C29F48924003B5812 /* FinalTemp.app */,
			);
			name = Products;
			sourceTree = "<group>";
		};
		E954396E29F48924003B5812 /* FinalTemp */ = {
			isa = PBXGroup;
			children = (
				E954396F29F48924003B5812 /* AppDelegate.swift */,
				E954397129F48924003B5812 /* SceneDelegate.swift */,
				E954397529F48924003B5812 /* Main.storyboard */,
				E954397829F48926003B5812 /* Assets.xcassets */,
				E954397A29F48926003B5812 /* LaunchScreen.storyboard */,
				E954397D29F48926003B5812 /* Info.plist */,
				E954398529F4924B003B5812 /* UploadImageViewController.swift */,
				E954399129F49A4E003B5812 /* HomeViewController.swift */,
				E95439B529F4A337003B5812 /* UploadImageProtocol.swift */,
				E95439B929F4AD6D003B5812 /* TabBarViewController.swift */,
				E99CF81B29F53304005B0CB0 /* TableViewCell.swift */,
				E99CF81C29F53304005B0CB0 /* TableViewCell.xib */,
			);
			path = FinalTemp;
			sourceTree = "<group>";
		};
/* End PBXGroup section */

/* Begin PBXNativeTarget section */
		E954396B29F48924003B5812 /* FinalTemp */ = {
			isa = PBXNativeTarget;
			buildConfigurationList = E954398029F48926003B5812 /* Build configuration list for PBXNativeTarget "FinalTemp" */;
			buildPhases = (
				E954396829F48924003B5812 /* Sources */,
				E954396929F48924003B5812 /* Frameworks */,
				E954396A29F48924003B5812 /* Resources */,
			);
			buildRules = (
			);
			dependencies = (
			);
			name = FinalTemp;
			productName = FinalTemp;
			productReference = E954396C29F48924003B5812 /* FinalTemp.app */;
			productType = "com.apple.product-type.application";
		};
/* End PBXNativeTarget section */

/* Begin PBXProject section */
		E954396429F48924003B5812 /* Project object */ = {
			isa = PBXProject;
			attributes = {
				BuildIndependentTargetsInParallel = 1;
				LastSwiftUpdateCheck = 1430;
				LastUpgradeCheck = 1430;
				TargetAttributes = {
					E954396B29F48924003B5812 = {
						CreatedOnToolsVersion = 14.3;
					};
				};
			};
			buildConfigurationList = E954396729F48924003B5812 /* Build configuration list for PBXProject "FinalTemp" */;
			compatibilityVersion = "Xcode 14.0";
			developmentRegion = en;
			hasScannedForEncodings = 0;
			knownRegions = (
				en,
				Base,
			);
			mainGroup = E954396329F48924003B5812;
			productRefGroup = E954396D29F48924003B5812 /* Products */;
			projectDirPath = "";
			projectRoot = "";
			targets = (
				E954396B29F48924003B5812 /* FinalTemp */,
			);
		};
/* End PBXProject section */

/* Begin PBXResourcesBuildPhase section */
		E954396A29F48924003B5812 /* Resources */ = {
			isa = PBXResourcesBuildPhase;
			buildActionMask = 2147483647;
			files = (
				E954397C29F48926003B5812 /* LaunchScreen.storyboard in Resources */,
				E99CF81E29F53304005B0CB0 /* TableViewCell.xib in Resources */,
				E954397929F48926003B5812 /* Assets.xcassets in Resources */,
				E954397729F48924003B5812 /* Main.storyboard in Resources */,
			);
			runOnlyForDeploymentPostprocessing = 0;
		};
/* End PBXResourcesBuildPhase section */

/* Begin PBXSourcesBuildPhase section */
		E954396829F48924003B5812 /* Sources */ = {
			isa = PBXSourcesBuildPhase;
			buildActionMask = 2147483647;
			files = (
				E954399229F49A4E003B5812 /* HomeViewController.swift in Sources */,
				E99CF81D29F53304005B0CB0 /* TableViewCell.swift in Sources */,
				E954397029F48924003B5812 /* AppDelegate.swift in Sources */,
				E954398629F4924B003B5812 /* UploadImageViewController.swift in Sources */,
				E95439BA29F4AD6D003B5812 /* TabBarViewController.swift in Sources */,
				E95439B629F4A337003B5812 /* UploadImageProtocol.swift in Sources */,
				E954397229F48924003B5812 /* SceneDelegate.swift in Sources */,
			);
			runOnlyForDeploymentPostprocessing = 0;
		};
/* End PBXSourcesBuildPhase section */

/* Begin PBXVariantGroup section */
		E954397529F48924003B5812 /* Main.storyboard */ = {
			isa = PBXVariantGroup;
			children = (
				E954397629F48924003B5812 /* Base */,
			);
			name = Main.storyboard;
			sourceTree = "<group>";
		};
		E954397A29F48926003B5812 /* LaunchScreen.storyboard */ = {
			isa = PBXVariantGroup;
			children = (
				E954397B29F48926003B5812 /* Base */,
			);
			name = LaunchScreen.storyboard;
			sourceTree = "<group>";
		};
/* End PBXVariantGroup section */

/* Begin XCBuildConfiguration section */
		E954397E29F48926003B5812 /* Debug */ = {
			isa = XCBuildConfiguration;
			buildSettings = {
				ALWAYS_SEARCH_USER_PATHS = NO;
				CLANG_ANALYZER_NONNULL = YES;
				CLANG_ANALYZER_NUMBER_OBJECT_CONVERSION = YES_AGGRESSIVE;
				CLANG_CXX_LANGUAGE_STANDARD = "gnu++20";
				CLANG_ENABLE_MODULES = YES;
				CLANG_ENABLE_OBJC_ARC = YES;
				CLANG_ENABLE_OBJC_WEAK = YES;
				CLANG_WARN_BLOCK_CAPTURE_AUTORELEASING = YES;
				CLANG_WARN_BOOL_CONVERSION = YES;
				CLANG_WARN_COMMA = YES;
				CLANG_WARN_CONSTANT_CONVERSION = YES;
				CLANG_WARN_DEPRECATED_OBJC_IMPLEMENTATIONS = YES;
				CLANG_WARN_DIRECT_OBJC_ISA_USAGE = YES_ERROR;
				CLANG_WARN_DOCUMENTATION_COMMENTS = YES;
				CLANG_WARN_EMPTY_BODY = YES;
				CLANG_WARN_ENUM_CONVERSION = YES;
				CLANG_WARN_INFINITE_RECURSION = YES;
				CLANG_WARN_INT_CONVERSION = YES;
				CLANG_WARN_NON_LITERAL_NULL_CONVERSION = YES;
				CLANG_WARN_OBJC_IMPLICIT_RETAIN_SELF = YES;
				CLANG_WARN_OBJC_LITERAL_CONVERSION = YES;
				CLANG_WARN_OBJC_ROOT_CLASS = YES_ERROR;
				CLANG_WARN_QUOTED_INCLUDE_IN_FRAMEWORK_HEADER = YES;
				CLANG_WARN_RANGE_LOOP_ANALYSIS = YES;
				CLANG_WARN_STRICT_PROTOTYPES = YES;
				CLANG_WARN_SUSPICIOUS_MOVE = YES;
				CLANG_WARN_UNGUARDED_AVAILABILITY = YES_AGGRESSIVE;
				CLANG_WARN_UNREACHABLE_CODE = YES;
				CLANG_WARN__DUPLICATE_METHOD_MATCH = YES;
				COPY_PHASE_STRIP = NO;
				DEBUG_INFORMATION_FORMAT = dwarf;
				ENABLE_STRICT_OBJC_MSGSEND = YES;
				ENABLE_TESTABILITY = YES;
				GCC_C_LANGUAGE_STANDARD = gnu11;
				GCC_DYNAMIC_NO_PIC = NO;
				GCC_NO_COMMON_BLOCKS = YES;
				GCC_OPTIMIZATION_LEVEL = 0;
				GCC_PREPROCESSOR_DEFINITIONS = (
					"DEBUG=1",
					"$(inherited)",
				);
				GCC_WARN_64_TO_32_BIT_CONVERSION = YES;
				GCC_WARN_ABOUT_RETURN_TYPE = YES_ERROR;
				GCC_WARN_UNDECLARED_SELECTOR = YES;
				GCC_WARN_UNINITIALIZED_AUTOS = YES_AGGRESSIVE;
				GCC_WARN_UNUSED_FUNCTION = YES;
				GCC_WARN_UNUSED_VARIABLE = YES;
				IPHONEOS_DEPLOYMENT_TARGET = 16.4;
				MTL_ENABLE_DEBUG_INFO = INCLUDE_SOURCE;
				MTL_FAST_MATH = YES;
				ONLY_ACTIVE_ARCH = YES;
				SDKROOT = iphoneos;
				SWIFT_ACTIVE_COMPILATION_CONDITIONS = DEBUG;
				SWIFT_OPTIMIZATION_LEVEL = "-Onone";
			};
			name = Debug;
		};
		E954397F29F48926003B5812 /* Release */ = {
			isa = XCBuildConfiguration;
			buildSettings = {
				ALWAYS_SEARCH_USER_PATHS = NO;
				CLANG_ANALYZER_NONNULL = YES;
				CLANG_ANALYZER_NUMBER_OBJECT_CONVERSION = YES_AGGRESSIVE;
				CLANG_CXX_LANGUAGE_STANDARD = "gnu++20";
				CLANG_ENABLE_MODULES = YES;
				CLANG_ENABLE_OBJC_ARC = YES;
				CLANG_ENABLE_OBJC_WEAK = YES;
				CLANG_WARN_BLOCK_CAPTURE_AUTORELEASING = YES;
				CLANG_WARN_BOOL_CONVERSION = YES;
				CLANG_WARN_COMMA = YES;
				CLANG_WARN_CONSTANT_CONVERSION = YES;
				CLANG_WARN_DEPRECATED_OBJC_IMPLEMENTATIONS = YES;
				CLANG_WARN_DIRECT_OBJC_ISA_USAGE = YES_ERROR;
				CLANG_WARN_DOCUMENTATION_COMMENTS = YES;
				CLANG_WARN_EMPTY_BODY = YES;
				CLANG_WARN_ENUM_CONVERSION = YES;
				CLANG_WARN_INFINITE_RECURSION = YES;
				CLANG_WARN_INT_CONVERSION = YES;
				CLANG_WARN_NON_LITERAL_NULL_CONVERSION = YES;
				CLANG_WARN_OBJC_IMPLICIT_RETAIN_SELF = YES;
				CLANG_WARN_OBJC_LITERAL_CONVERSION = YES;
				CLANG_WARN_OBJC_ROOT_CLASS = YES_ERROR;
				CLANG_WARN_QUOTED_INCLUDE_IN_FRAMEWORK_HEADER = YES;
				CLANG_WARN_RANGE_LOOP_ANALYSIS = YES;
				CLANG_WARN_STRICT_PROTOTYPES = YES;
				CLANG_WARN_SUSPICIOUS_MOVE = YES;
				CLANG_WARN_UNGUARDED_AVAILABILITY = YES_AGGRESSIVE;
				CLANG_WARN_UNREACHABLE_CODE = YES;
				CLANG_WARN__DUPLICATE_METHOD_MATCH = YES;
				COPY_PHASE_STRIP = NO;
				DEBUG_INFORMATION_FORMAT = "dwarf-with-dsym";
				ENABLE_NS_ASSERTIONS = NO;
				ENABLE_STRICT_OBJC_MSGSEND = YES;
				GCC_C_LANGUAGE_STANDARD = gnu11;
				GCC_NO_COMMON_BLOCKS = YES;
				GCC_WARN_64_TO_32_BIT_CONVERSION = YES;
				GCC_WARN_ABOUT_RETURN_TYPE = YES_ERROR;
				GCC_WARN_UNDECLARED_SELECTOR = YES;
				GCC_WARN_UNINITIALIZED_AUTOS = YES_AGGRESSIVE;
				GCC_WARN_UNUSED_FUNCTION = YES;
				GCC_WARN_UNUSED_VARIABLE = YES;
				IPHONEOS_DEPLOYMENT_TARGET = 16.4;
				MTL_ENABLE_DEBUG_INFO = NO;
				MTL_FAST_MATH = YES;
				SDKROOT = iphoneos;
				SWIFT_COMPILATION_MODE = wholemodule;
				SWIFT_OPTIMIZATION_LEVEL = "-O";
				VALIDATE_PRODUCT = YES;
			};
			name = Release;
		};
		E954398129F48926003B5812 /* Debug */ = {
			isa = XCBuildConfiguration;
			buildSettings = {
				ASSETCATALOG_COMPILER_APPICON_NAME = AppIcon;
				ASSETCATALOG_COMPILER_GLOBAL_ACCENT_COLOR_NAME = AccentColor;
				CODE_SIGN_STYLE = Automatic;
				CURRENT_PROJECT_VERSION = 1;
				DEVELOPMENT_TEAM = 5NFS34BZF5;
				GENERATE_INFOPLIST_FILE = YES;
				INFOPLIST_FILE = FinalTemp/Info.plist;
				INFOPLIST_KEY_UIApplicationSupportsIndirectInputEvents = YES;
				INFOPLIST_KEY_UILaunchStoryboardName = LaunchScreen;
				INFOPLIST_KEY_UIMainStoryboardFile = Main;
				INFOPLIST_KEY_UISupportedInterfaceOrientations_iPad = "UIInterfaceOrientationPortrait UIInterfaceOrientationPortraitUpsideDown UIInterfaceOrientationLandscapeLeft UIInterfaceOrientationLandscapeRight";
				INFOPLIST_KEY_UISupportedInterfaceOrientations_iPhone = "UIInterfaceOrientationPortrait UIInterfaceOrientationLandscapeLeft UIInterfaceOrientationLandscapeRight";
				LD_RUNPATH_SEARCH_PATHS = (
					"$(inherited)",
					"@executable_path/Frameworks",
				);
				MARKETING_VERSION = 1.0;
				PRODUCT_BUNDLE_IDENTIFIER = NEU.FinalTemp;
				PRODUCT_NAME = "$(TARGET_NAME)";
				SWIFT_EMIT_LOC_STRINGS = YES;
				SWIFT_VERSION = 5.0;
				TARGETED_DEVICE_FAMILY = "1,2";
			};
			name = Debug;
		};
		E954398229F48926003B5812 /* Release */ = {
			isa = XCBuildConfiguration;
			buildSettings = {
				ASSETCATALOG_COMPILER_APPICON_NAME = AppIcon;
				ASSETCATALOG_COMPILER_GLOBAL_ACCENT_COLOR_NAME = AccentColor;
				CODE_SIGN_STYLE = Automatic;
				CURRENT_PROJECT_VERSION = 1;
				DEVELOPMENT_TEAM = 5NFS34BZF5;
				GENERATE_INFOPLIST_FILE = YES;
				INFOPLIST_FILE = FinalTemp/Info.plist;
				INFOPLIST_KEY_UIApplicationSupportsIndirectInputEvents = YES;
				INFOPLIST_KEY_UILaunchStoryboardName = LaunchScreen;
				INFOPLIST_KEY_UIMainStoryboardFile = Main;
				INFOPLIST_KEY_UISupportedInterfaceOrientations_iPad = "UIInterfaceOrientationPortrait UIInterfaceOrientationPortraitUpsideDown UIInterfaceOrientationLandscapeLeft UIInterfaceOrientationLandscapeRight";
				INFOPLIST_KEY_UISupportedInterfaceOrientations_iPhone = "UIInterfaceOrientationPortrait UIInterfaceOrientationLandscapeLeft UIInterfaceOrientationLandscapeRight";
				LD_RUNPATH_SEARCH_PATHS = (
					"$(inherited)",
					"@executable_path/Frameworks",
				);
				MARKETING_VERSION = 1.0;
				PRODUCT_BUNDLE_IDENTIFIER = NEU.FinalTemp;
				PRODUCT_NAME = "$(TARGET_NAME)";
				SWIFT_EMIT_LOC_STRINGS = YES;
				SWIFT_VERSION = 5.0;
				TARGETED_DEVICE_FAMILY = "1,2";
			};
			name = Release;
		};
/* End XCBuildConfiguration section */

/* Begin XCConfigurationList section */
		E954396729F48924003B5812 /* Build configuration list for PBXProject "FinalTemp" */ = {
			isa = XCConfigurationList;
			buildConfigurations = (
				E954397E29F48926003B5812 /* Debug */,
				E954397F29F48926003B5812 /* Release */,
			);
			defaultConfigurationIsVisible = 0;
			defaultConfigurationName = Release;
		};
		E954398029F48926003B5812 /* Build configuration list for PBXNativeTarget "FinalTemp" */ = {
			isa = XCConfigurationList;
			buildConfigurations = (
				E954398129F48926003B5812 /* Debug */,
				E954398229F48926003B5812 /* Release */,
			);
			defaultConfigurationIsVisible = 0;
			defaultConfigurationName = Release;
		};
/* End XCConfigurationList section */
	};
	rootObject = E954396429F48924003B5812 /* Project object */;
}
